// !$*UTF8*$!
{
	archiveVersion = 1;
	classes = {
	};
	objectVersion = 50;
	objects = {

/* Begin PBXBuildFile section */
		A242AB68265832FB00C1CED9 /* AppDelegate.m in Sources */ = {isa = PBXBuildFile; fileRef = A242AB67265832FB00C1CED9 /* AppDelegate.m */; };
		A242AB6B265832FB00C1CED9 /* SceneDelegate.m in Sources */ = {isa = PBXBuildFile; fileRef = A242AB6A265832FB00C1CED9 /* SceneDelegate.m */; };
		A242AB6E265832FB00C1CED9 /* ViewController.m in Sources */ = {isa = PBXBuildFile; fileRef = A242AB6D265832FB00C1CED9 /* ViewController.m */; };
		A242AB71265832FB00C1CED9 /* Main.storyboard in Resources */ = {isa = PBXBuildFile; fileRef = A242AB6F265832FB00C1CED9 /* Main.storyboard */; };
		A242AB73265832FE00C1CED9 /* Assets.xcassets in Resources */ = {isa = PBXBuildFile; fileRef = A242AB72265832FE00C1CED9 /* Assets.xcassets */; };
		A242AB76265832FE00C1CED9 /* LaunchScreen.storyboard in Resources */ = {isa = PBXBuildFile; fileRef = A242AB74265832FE00C1CED9 /* LaunchScreen.storyboard */; };
		A242AB79265832FE00C1CED9 /* main.m in Sources */ = {isa = PBXBuildFile; fileRef = A242AB78265832FE00C1CED9 /* main.m */; };
		A242AB802658334B00C1CED9 /* Student.m in Sources */ = {isa = PBXBuildFile; fileRef = A242AB7F2658334B00C1CED9 /* Student.m */; };
/* End PBXBuildFile section */

/* Begin PBXFileReference section */
		A242AB63265832FB00C1CED9 /* lesson4.app */ = {isa = PBXFileReference; explicitFileType = wrapper.application; includeInIndex = 0; path = lesson4.app; sourceTree = BUILT_PRODUCTS_DIR; };
		A242AB66265832FB00C1CED9 /* AppDelegate.h */ = {isa = PBXFileReference; lastKnownFileType = sourcecode.c.h; path = AppDelegate.h; sourceTree = "<group>"; };
		A242AB67265832FB00C1CED9 /* AppDelegate.m */ = {isa = PBXFileReference; lastKnownFileType = sourcecode.c.objc; path = AppDelegate.m; sourceTree = "<group>"; };
		A242AB69265832FB00C1CED9 /* SceneDelegate.h */ = {isa = PBXFileReference; lastKnownFileType = sourcecode.c.h; path = SceneDelegate.h; sourceTree = "<group>"; };
		A242AB6A265832FB00C1CED9 /* SceneDelegate.m */ = {isa = PBXFileReference; lastKnownFileType = sourcecode.c.objc; path = SceneDelegate.m; sourceTree = "<group>"; };
		A242AB6C265832FB00C1CED9 /* ViewController.h */ = {isa = PBXFileReference; lastKnownFileType = sourcecode.c.h; path = ViewController.h; sourceTree = "<group>"; };
		A242AB6D265832FB00C1CED9 /* ViewController.m */ = {isa = PBXFileReference; lastKnownFileType = sourcecode.c.objc; path = ViewController.m; sourceTree = "<group>"; };
		A242AB70265832FB00C1CED9 /* Base */ = {isa = PBXFileReference; lastKnownFileType = file.storyboard; name = Base; path = Base.lproj/Main.storyboard; sourceTree = "<group>"; };
		A242AB72265832FE00C1CED9 /* Assets.xcassets */ = {isa = PBXFileReference; lastKnownFileType = folder.assetcatalog; path = Assets.xcassets; sourceTree = "<group>"; };
		A242AB75265832FE00C1CED9 /* Base */ = {isa = PBXFileReference; lastKnownFileType = file.storyboard; name = Base; path = Base.lproj/LaunchScreen.storyboard; sourceTree = "<group>"; };
		A242AB77265832FE00C1CED9 /* Info.plist */ = {isa = PBXFileReference; lastKnownFileType = text.plist.xml; path = Info.plist; sourceTree = "<group>"; };
		A242AB78265832FE00C1CED9 /* main.m */ = {isa = PBXFileReference; lastKnownFileType = sourcecode.c.objc; path = main.m; sourceTree = "<group>"; };
		A242AB7F2658334B00C1CED9 /* Student.m */ = {isa = PBXFileReference; lastKnownFileType = sourcecode.c.objc; path = Student.m; sourceTree = "<group>"; };
		A242AB812658336F00C1CED9 /* Student.h */ = {isa = PBXFileReference; lastKnownFileType = sourcecode.c.h; path = Student.h; sourceTree = "<group>"; };
/* End PBXFileReference section */

/* Begin PBXFrameworksBuildPhase section */
		A242AB60265832FB00C1CED9 /* Frameworks */ = {
			isa = PBXFrameworksBuildPhase;
			buildActionMask = 2147483647;
			files = (
			);
			runOnlyForDeploymentPostprocessing = 0;
		};
/* End PBXFrameworksBuildPhase section */

/* Begin PBXGroup section */
		A242AB5A265832FB00C1CED9 = {
			isa = PBXGroup;
			children = (
				A242AB65265832FB00C1CED9 /* lesson4 */,
				A242AB64265832FB00C1CED9 /* Products */,
			);
			sourceTree = "<group>";
		};
		A242AB64265832FB00C1CED9 /* Products */ = {
			isa = PBXGroup;
			children = (
				A242AB63265832FB00C1CED9 /* lesson4.app */,
			);
			name = Products;
			sourceTree = "<group>";
		};
		A242AB65265832FB00C1CED9 /* lesson4 */ = {
			isa = PBXGroup;
			children = (
				A242AB66265832FB00C1CED9 /* AppDelegate.h */,
				A242AB67265832FB00C1CED9 /* AppDelegate.m */,
				A242AB69265832FB00C1CED9 /* SceneDelegate.h */,
				A242AB6A265832FB00C1CED9 /* SceneDelegate.m */,
				A242AB6C265832FB00C1CED9 /* ViewController.h */,
				A242AB6D265832FB00C1CED9 /* ViewController.m */,
				A242AB83265833AC00C1CED9 /* Student */,
				A242AB6F265832FB00C1CED9 /* Main.storyboard */,
				A242AB72265832FE00C1CED9 /* Assets.xcassets */,
				A242AB74265832FE00C1CED9 /* LaunchScreen.storyboard */,
				A242AB77265832FE00C1CED9 /* Info.plist */,
				A242AB78265832FE00C1CED9 /* main.m */,
			);
			path = lesson4;
			sourceTree = "<group>";
		};
		A242AB83265833AC00C1CED9 /* Student */ = {
			isa = PBXGroup;
			children = (
				A242AB7F2658334B00C1CED9 /* Student.m */,
				A242AB812658336F00C1CED9 /* Student.h */,
			);
			path = Student;
			sourceTree = "<group>";
		};
/* End PBXGroup section */

/* Begin PBXNativeTarget section */
		A242AB62265832FB00C1CED9 /* lesson4 */ = {
			isa = PBXNativeTarget;
			buildConfigurationList = A242AB7C265832FE00C1CED9 /* Build configuration list for PBXNativeTarget "lesson4" */;
			buildPhases = (
				A242AB5F265832FB00C1CED9 /* Sources */,
				A242AB60265832FB00C1CED9 /* Frameworks */,
				A242AB61265832FB00C1CED9 /* Resources */,
			);
			buildRules = (
			);
			dependencies = (
			);
			name = lesson4;
			productName = lesson4;
			productReference = A242AB63265832FB00C1CED9 /* lesson4.app */;
			productType = "com.apple.product-type.application";
		};
/* End PBXNativeTarget section */

/* Begin PBXProject section */
		A242AB5B265832FB00C1CED9 /* Project object */ = {
			isa = PBXProject;
			attributes = {
				LastUpgradeCheck = 1250;
				TargetAttributes = {
					A242AB62265832FB00C1CED9 = {
						CreatedOnToolsVersion = 12.5;
					};
				};
			};
			buildConfigurationList = A242AB5E265832FB00C1CED9 /* Build configuration list for PBXProject "lesson4" */;
			compatibilityVersion = "Xcode 9.3";
			developmentRegion = en;
			hasScannedForEncodings = 0;
			knownRegions = (
				en,
				Base,
			);
			mainGroup = A242AB5A265832FB00C1CED9;
			productRefGroup = A242AB64265832FB00C1CED9 /* Products */;
			projectDirPath = "";
			projectRoot = "";
			targets = (
				A242AB62265832FB00C1CED9 /* lesson4 */,
			);
		};
/* End PBXProject section */

/* Begin PBXResourcesBuildPhase section */
		A242AB61265832FB00C1CED9 /* Resources */ = {
			isa = PBXResourcesBuildPhase;
			buildActionMask = 2147483647;
			files = (
				A242AB76265832FE00C1CED9 /* LaunchScreen.storyboard in Resources */,
				A242AB73265832FE00C1CED9 /* Assets.xcassets in Resources */,
				A242AB71265832FB00C1CED9 /* Main.storyboard in Resources */,
			);
			runOnlyForDeploymentPostprocessing = 0;
		};
/* End PBXResourcesBuildPhase section */

/* Begin PBXSourcesBuildPhase section */
		A242AB5F265832FB00C1CED9 /* Sources */ = {
			isa = PBXSourcesBuildPhase;
			buildActionMask = 2147483647;
			files = (
				A242AB6E265832FB00C1CED9 /* ViewController.m in Sources */,
				A242AB68265832FB00C1CED9 /* AppDelegate.m in Sources */,
				A242AB802658334B00C1CED9 /* Student.m in Sources */,
				A242AB79265832FE00C1CED9 /* main.m in Sources */,
				A242AB6B265832FB00C1CED9 /* SceneDelegate.m in Sources */,
			);
			runOnlyForDeploymentPostprocessing = 0;
		};
/* End PBXSourcesBuildPhase section */

/* Begin PBXVariantGroup section */
		A242AB6F265832FB00C1CED9 /* Main.storyboard */ = {
			isa = PBXVariantGroup;
			children = (
				A242AB70265832FB00C1CED9 /* Base */,
			);
			name = Main.storyboard;
			sourceTree = "<group>";
		};
		A242AB74265832FE00C1CED9 /* LaunchScreen.storyboard */ = {
			isa = PBXVariantGroup;
			children = (
				A242AB75265832FE00C1CED9 /* Base */,
			);
			name = LaunchScreen.storyboard;
			sourceTree = "<group>";
		};
/* End PBXVariantGroup section */

/* Begin XCBuildConfiguration section */
		A242AB7A265832FE00C1CED9 /* Debug */ = {
			isa = XCBuildConfiguration;
			buildSettings = {
				ALWAYS_SEARCH_USER_PATHS = NO;
				CLANG_ANALYZER_NONNULL = YES;
				CLANG_ANALYZER_NUMBER_OBJECT_CONVERSION = YES_AGGRESSIVE;
				CLANG_CXX_LANGUAGE_STANDARD = "gnu++14";
				CLANG_CXX_LIBRARY = "libc++";
				CLANG_ENABLE_MODULES = YES;
				CLANG_ENABLE_OBJC_ARC = YES;
				CLANG_ENABLE_OBJC_WEAK = YES;
				CLANG_WARN_BLOCK_CAPTURE_AUTORELEASING = YES;
				CLANG_WARN_BOOL_CONVERSION = YES;
				CLANG_WARN_COMMA = YES;
				CLANG_WARN_CONSTANT_CONVERSION = YES;
				CLANG_WARN_DEPRECATED_OBJC_IMPLEMENTATIONS = YES;
				CLANG_WARN_DIRECT_OBJC_ISA_USAGE = YES_ERROR;
				CLANG_WARN_DOCUMENTATION_COMMENTS = YES;
				CLANG_WARN_EMPTY_BODY = YES;
				CLANG_WARN_ENUM_CONVERSION = YES;
				CLANG_WARN_INFINITE_RECURSION = YES;
				CLANG_WARN_INT_CONVERSION = YES;
				CLANG_WARN_NON_LITERAL_NULL_CONVERSION = YES;
				CLANG_WARN_OBJC_IMPLICIT_RETAIN_SELF = YES;
				CLANG_WARN_OBJC_LITERAL_CONVERSION = YES;
				CLANG_WARN_OBJC_ROOT_CLASS = YES_ERROR;
				CLANG_WARN_QUOTED_INCLUDE_IN_FRAMEWORK_HEADER = YES;
				CLANG_WARN_RANGE_LOOP_ANALYSIS = YES;
				CLANG_WARN_STRICT_PROTOTYPES = YES;
				CLANG_WARN_SUSPICIOUS_MOVE = YES;
				CLANG_WARN_UNGUARDED_AVAILABILITY = YES_AGGRESSIVE;
				CLANG_WARN_UNREACHABLE_CODE = YES;
				CLANG_WARN__DUPLICATE_METHOD_MATCH = YES;
				COPY_PHASE_STRIP = NO;
				DEBUG_INFORMATION_FORMAT = dwarf;
				ENABLE_STRICT_OBJC_MSGSEND = YES;
				ENABLE_TESTABILITY = YES;
				GCC_C_LANGUAGE_STANDARD = gnu11;
				GCC_DYNAMIC_NO_PIC = NO;
				GCC_NO_COMMON_BLOCKS = YES;
				GCC_OPTIMIZATION_LEVEL = 0;
				GCC_PREPROCESSOR_DEFINITIONS = (
					"DEBUG=1",
					"$(inherited)",
				);
				GCC_WARN_64_TO_32_BIT_CONVERSION = YES;
				GCC_WARN_ABOUT_RETURN_TYPE = YES_ERROR;
				GCC_WARN_UNDECLARED_SELECTOR = YES;
				GCC_WARN_UNINITIALIZED_AUTOS = YES_AGGRESSIVE;
				GCC_WARN_UNUSED_FUNCTION = YES;
				GCC_WARN_UNUSED_VARIABLE = YES;
				IPHONEOS_DEPLOYMENT_TARGET = 14.5;
				MTL_ENABLE_DEBUG_INFO = INCLUDE_SOURCE;
				MTL_FAST_MATH = YES;
				ONLY_ACTIVE_ARCH = YES;
				SDKROOT = iphoneos;
			};
			name = Debug;
		};
		A242AB7B265832FE00C1CED9 /* Release */ = {
			isa = XCBuildConfiguration;
			buildSettings = {
				ALWAYS_SEARCH_USER_PATHS = NO;
				CLANG_ANALYZER_NONNULL = YES;
				CLANG_ANALYZER_NUMBER_OBJECT_CONVERSION = YES_AGGRESSIVE;
				CLANG_CXX_LANGUAGE_STANDARD = "gnu++14";
				CLANG_CXX_LIBRARY = "libc++";
				CLANG_ENABLE_MODULES = YES;
				CLANG_ENABLE_OBJC_ARC = YES;
				CLANG_ENABLE_OBJC_WEAK = YES;
				CLANG_WARN_BLOCK_CAPTURE_AUTORELEASING = YES;
				CLANG_WARN_BOOL_CONVERSION = YES;
				CLANG_WARN_COMMA = YES;
				CLANG_WARN_CONSTANT_CONVERSION = YES;
				CLANG_WARN_DEPRECATED_OBJC_IMPLEMENTATIONS = YES;
				CLANG_WARN_DIRECT_OBJC_ISA_USAGE = YES_ERROR;
				CLANG_WARN_DOCUMENTATION_COMMENTS = YES;
				CLANG_WARN_EMPTY_BODY = YES;
				CLANG_WARN_ENUM_CONVERSION = YES;
				CLANG_WARN_INFINITE_RECURSION = YES;
				CLANG_WARN_INT_CONVERSION = YES;
				CLANG_WARN_NON_LITERAL_NULL_CONVERSION = YES;
				CLANG_WARN_OBJC_IMPLICIT_RETAIN_SELF = YES;
				CLANG_WARN_OBJC_LITERAL_CONVERSION = YES;
				CLANG_WARN_OBJC_ROOT_CLASS = YES_ERROR;
				CLANG_WARN_QUOTED_INCLUDE_IN_FRAMEWORK_HEADER = YES;
				CLANG_WARN_RANGE_LOOP_ANALYSIS = YES;
				CLANG_WARN_STRICT_PROTOTYPES = YES;
				CLANG_WARN_SUSPICIOUS_MOVE = YES;
				CLANG_WARN_UNGUARDED_AVAILABILITY = YES_AGGRESSIVE;
				CLANG_WARN_UNREACHABLE_CODE = YES;
				CLANG_WARN__DUPLICATE_METHOD_MATCH = YES;
				COPY_PHASE_STRIP = NO;
				DEBUG_INFORMATION_FORMAT = "dwarf-with-dsym";
				ENABLE_NS_ASSERTIONS = NO;
				ENABLE_STRICT_OBJC_MSGSEND = YES;
				GCC_C_LANGUAGE_STANDARD = gnu11;
				GCC_NO_COMMON_BLOCKS = YES;
				GCC_WARN_64_TO_32_BIT_CONVERSION = YES;
				GCC_WARN_ABOUT_RETURN_TYPE = YES_ERROR;
				GCC_WARN_UNDECLARED_SELECTOR = YES;
				GCC_WARN_UNINITIALIZED_AUTOS = YES_AGGRESSIVE;
				GCC_WARN_UNUSED_FUNCTION = YES;
				GCC_WARN_UNUSED_VARIABLE = YES;
				IPHONEOS_DEPLOYMENT_TARGET = 14.5;
				MTL_ENABLE_DEBUG_INFO = NO;
				MTL_FAST_MATH = YES;
				SDKROOT = iphoneos;
				VALIDATE_PRODUCT = YES;
			};
			name = Release;
		};
		A242AB7D265832FE00C1CED9 /* Debug */ = {
			isa = XCBuildConfiguration;
			buildSettings = {
				ASSETCATALOG_COMPILER_APPICON_NAME = AppIcon;
				ASSETCATALOG_COMPILER_GLOBAL_ACCENT_COLOR_NAME = AccentColor;
				CODE_SIGN_STYLE = Automatic;
				DEVELOPMENT_TEAM = W7LU6YZGVJ;
				INFOPLIST_FILE = lesson4/Info.plist;
				LD_RUNPATH_SEARCH_PATHS = (
					"$(inherited)",
					"@executable_path/Frameworks",
				);
				PRODUCT_BUNDLE_IDENTIFIER = pavel.zarutskov.lesson4;
				PRODUCT_NAME = "$(TARGET_NAME)";
				TARGETED_DEVICE_FAMILY = "1,2";
			};
			name = Debug;
		};
		A242AB7E265832FE00C1CED9 /* Release */ = {
			isa = XCBuildConfiguration;
			buildSettings = {
				ASSETCATALOG_COMPILER_APPICON_NAME = AppIcon;
				ASSETCATALOG_COMPILER_GLOBAL_ACCENT_COLOR_NAME = AccentColor;
				CODE_SIGN_STYLE = Automatic;
				DEVELOPMENT_TEAM = W7LU6YZGVJ;
				INFOPLIST_FILE = lesson4/Info.plist;
				LD_RUNPATH_SEARCH_PATHS = (
					"$(inherited)",
					"@executable_path/Frameworks",
				);
				PRODUCT_BUNDLE_IDENTIFIER = pavel.zarutskov.lesson4;
				PRODUCT_NAME = "$(TARGET_NAME)";
				TARGETED_DEVICE_FAMILY = "1,2";
			};
			name = Release;
		};
/* End XCBuildConfiguration section */

/* Begin XCConfigurationList section */
		A242AB5E265832FB00C1CED9 /* Build configuration list for PBXProject "lesson4" */ = {
			isa = XCConfigurationList;
			buildConfigurations = (
				A242AB7A265832FE00C1CED9 /* Debug */,
				A242AB7B265832FE00C1CED9 /* Release */,
			);
			defaultConfigurationIsVisible = 0;
			defaultConfigurationName = Release;
		};
		A242AB7C265832FE00C1CED9 /* Build configuration list for PBXNativeTarget "lesson4" */ = {
			isa = XCConfigurationList;
			buildConfigurations = (
				A242AB7D265832FE00C1CED9 /* Debug */,
				A242AB7E265832FE00C1CED9 /* Release */,
			);
			defaultConfigurationIsVisible = 0;
			defaultConfigurationName = Release;
		};
/* End XCConfigurationList section */
	};
	rootObject = A242AB5B265832FB00C1CED9 /* Project object */;
}
