// !$*UTF8*$!
{
	archiveVersion = 1;
	classes = {
	};
	objectVersion = 50;
	objects = {

/* Begin PBXBuildFile section */
		A2E04C5F26591C2A00DCB74C /* AppDelegate.m in Sources */ = {isa = PBXBuildFile; fileRef = A2E04C5E26591C2A00DCB74C /* AppDelegate.m */; };
		A2E04C6226591C2A00DCB74C /* SceneDelegate.m in Sources */ = {isa = PBXBuildFile; fileRef = A2E04C6126591C2A00DCB74C /* SceneDelegate.m */; };
		A2E04C6526591C2A00DCB74C /* ViewController.m in Sources */ = {isa = PBXBuildFile; fileRef = A2E04C6426591C2A00DCB74C /* ViewController.m */; };
		A2E04C6826591C2A00DCB74C /* Main.storyboard in Resources */ = {isa = PBXBuildFile; fileRef = A2E04C6626591C2A00DCB74C /* Main.storyboard */; };
		A2E04C6A26591C2D00DCB74C /* Assets.xcassets in Resources */ = {isa = PBXBuildFile; fileRef = A2E04C6926591C2D00DCB74C /* Assets.xcassets */; };
		A2E04C6D26591C2D00DCB74C /* LaunchScreen.storyboard in Resources */ = {isa = PBXBuildFile; fileRef = A2E04C6B26591C2D00DCB74C /* LaunchScreen.storyboard */; };
		A2E04C7026591C2D00DCB74C /* main.m in Sources */ = {isa = PBXBuildFile; fileRef = A2E04C6F26591C2D00DCB74C /* main.m */; };
/* End PBXBuildFile section */

/* Begin PBXFileReference section */
		A2E04C5A26591C2A00DCB74C /* lesson7.app */ = {isa = PBXFileReference; explicitFileType = wrapper.application; includeInIndex = 0; path = lesson7.app; sourceTree = BUILT_PRODUCTS_DIR; };
		A2E04C5D26591C2A00DCB74C /* AppDelegate.h */ = {isa = PBXFileReference; lastKnownFileType = sourcecode.c.h; path = AppDelegate.h; sourceTree = "<group>"; };
		A2E04C5E26591C2A00DCB74C /* AppDelegate.m */ = {isa = PBXFileReference; lastKnownFileType = sourcecode.c.objc; path = AppDelegate.m; sourceTree = "<group>"; };
		A2E04C6026591C2A00DCB74C /* SceneDelegate.h */ = {isa = PBXFileReference; lastKnownFileType = sourcecode.c.h; path = SceneDelegate.h; sourceTree = "<group>"; };
		A2E04C6126591C2A00DCB74C /* SceneDelegate.m */ = {isa = PBXFileReference; lastKnownFileType = sourcecode.c.objc; path = SceneDelegate.m; sourceTree = "<group>"; };
		A2E04C6326591C2A00DCB74C /* ViewController.h */ = {isa = PBXFileReference; lastKnownFileType = sourcecode.c.h; path = ViewController.h; sourceTree = "<group>"; };
		A2E04C6426591C2A00DCB74C /* ViewController.m */ = {isa = PBXFileReference; lastKnownFileType = sourcecode.c.objc; path = ViewController.m; sourceTree = "<group>"; };
		A2E04C6726591C2A00DCB74C /* Base */ = {isa = PBXFileReference; lastKnownFileType = file.storyboard; name = Base; path = Base.lproj/Main.storyboard; sourceTree = "<group>"; };
		A2E04C6926591C2D00DCB74C /* Assets.xcassets */ = {isa = PBXFileReference; lastKnownFileType = folder.assetcatalog; path = Assets.xcassets; sourceTree = "<group>"; };
		A2E04C6C26591C2D00DCB74C /* Base */ = {isa = PBXFileReference; lastKnownFileType = file.storyboard; name = Base; path = Base.lproj/LaunchScreen.storyboard; sourceTree = "<group>"; };
		A2E04C6E26591C2D00DCB74C /* Info.plist */ = {isa = PBXFileReference; lastKnownFileType = text.plist.xml; path = Info.plist; sourceTree = "<group>"; };
		A2E04C6F26591C2D00DCB74C /* main.m */ = {isa = PBXFileReference; lastKnownFileType = sourcecode.c.objc; path = main.m; sourceTree = "<group>"; };
/* End PBXFileReference section */

/* Begin PBXFrameworksBuildPhase section */
		A2E04C5726591C2A00DCB74C /* Frameworks */ = {
			isa = PBXFrameworksBuildPhase;
			buildActionMask = 2147483647;
			files = (
			);
			runOnlyForDeploymentPostprocessing = 0;
		};
/* End PBXFrameworksBuildPhase section */

/* Begin PBXGroup section */
		A2E04C5126591C2A00DCB74C = {
			isa = PBXGroup;
			children = (
				A2E04C5C26591C2A00DCB74C /* lesson7 */,
				A2E04C5B26591C2A00DCB74C /* Products */,
			);
			sourceTree = "<group>";
		};
		A2E04C5B26591C2A00DCB74C /* Products */ = {
			isa = PBXGroup;
			children = (
				A2E04C5A26591C2A00DCB74C /* lesson7.app */,
			);
			name = Products;
			sourceTree = "<group>";
		};
		A2E04C5C26591C2A00DCB74C /* lesson7 */ = {
			isa = PBXGroup;
			children = (
				A2E04C5D26591C2A00DCB74C /* AppDelegate.h */,
				A2E04C5E26591C2A00DCB74C /* AppDelegate.m */,
				A2E04C6026591C2A00DCB74C /* SceneDelegate.h */,
				A2E04C6126591C2A00DCB74C /* SceneDelegate.m */,
				A2E04C6326591C2A00DCB74C /* ViewController.h */,
				A2E04C6426591C2A00DCB74C /* ViewController.m */,
				A2E04C6626591C2A00DCB74C /* Main.storyboard */,
				A2E04C6926591C2D00DCB74C /* Assets.xcassets */,
				A2E04C6B26591C2D00DCB74C /* LaunchScreen.storyboard */,
				A2E04C6E26591C2D00DCB74C /* Info.plist */,
				A2E04C6F26591C2D00DCB74C /* main.m */,
			);
			path = lesson7;
			sourceTree = "<group>";
		};
/* End PBXGroup section */

/* Begin PBXNativeTarget section */
		A2E04C5926591C2A00DCB74C /* lesson7 */ = {
			isa = PBXNativeTarget;
			buildConfigurationList = A2E04C7326591C2D00DCB74C /* Build configuration list for PBXNativeTarget "lesson7" */;
			buildPhases = (
				A2E04C5626591C2A00DCB74C /* Sources */,
				A2E04C5726591C2A00DCB74C /* Frameworks */,
				A2E04C5826591C2A00DCB74C /* Resources */,
			);
			buildRules = (
			);
			dependencies = (
			);
			name = lesson7;
			productName = lesson7;
			productReference = A2E04C5A26591C2A00DCB74C /* lesson7.app */;
			productType = "com.apple.product-type.application";
		};
/* End PBXNativeTarget section */

/* Begin PBXProject section */
		A2E04C5226591C2A00DCB74C /* Project object */ = {
			isa = PBXProject;
			attributes = {
				LastUpgradeCheck = 1250;
				TargetAttributes = {
					A2E04C5926591C2A00DCB74C = {
						CreatedOnToolsVersion = 12.5;
					};
				};
			};
			buildConfigurationList = A2E04C5526591C2A00DCB74C /* Build configuration list for PBXProject "lesson7" */;
			compatibilityVersion = "Xcode 9.3";
			developmentRegion = en;
			hasScannedForEncodings = 0;
			knownRegions = (
				en,
				Base,
			);
			mainGroup = A2E04C5126591C2A00DCB74C;
			productRefGroup = A2E04C5B26591C2A00DCB74C /* Products */;
			projectDirPath = "";
			projectRoot = "";
			targets = (
				A2E04C5926591C2A00DCB74C /* lesson7 */,
			);
		};
/* End PBXProject section */

/* Begin PBXResourcesBuildPhase section */
		A2E04C5826591C2A00DCB74C /* Resources */ = {
			isa = PBXResourcesBuildPhase;
			buildActionMask = 2147483647;
			files = (
				A2E04C6D26591C2D00DCB74C /* LaunchScreen.storyboard in Resources */,
				A2E04C6A26591C2D00DCB74C /* Assets.xcassets in Resources */,
				A2E04C6826591C2A00DCB74C /* Main.storyboard in Resources */,
			);
			runOnlyForDeploymentPostprocessing = 0;
		};
/* End PBXResourcesBuildPhase section */

/* Begin PBXSourcesBuildPhase section */
		A2E04C5626591C2A00DCB74C /* Sources */ = {
			isa = PBXSourcesBuildPhase;
			buildActionMask = 2147483647;
			files = (
				A2E04C6526591C2A00DCB74C /* ViewController.m in Sources */,
				A2E04C5F26591C2A00DCB74C /* AppDelegate.m in Sources */,
				A2E04C7026591C2D00DCB74C /* main.m in Sources */,
				A2E04C6226591C2A00DCB74C /* SceneDelegate.m in Sources */,
			);
			runOnlyForDeploymentPostprocessing = 0;
		};
/* End PBXSourcesBuildPhase section */

/* Begin PBXVariantGroup section */
		A2E04C6626591C2A00DCB74C /* Main.storyboard */ = {
			isa = PBXVariantGroup;
			children = (
				A2E04C6726591C2A00DCB74C /* Base */,
			);
			name = Main.storyboard;
			sourceTree = "<group>";
		};
		A2E04C6B26591C2D00DCB74C /* LaunchScreen.storyboard */ = {
			isa = PBXVariantGroup;
			children = (
				A2E04C6C26591C2D00DCB74C /* Base */,
			);
			name = LaunchScreen.storyboard;
			sourceTree = "<group>";
		};
/* End PBXVariantGroup section */

/* Begin XCBuildConfiguration section */
		A2E04C7126591C2D00DCB74C /* Debug */ = {
			isa = XCBuildConfiguration;
			buildSettings = {
				ALWAYS_SEARCH_USER_PATHS = NO;
				CLANG_ANALYZER_NONNULL = YES;
				CLANG_ANALYZER_NUMBER_OBJECT_CONVERSION = YES_AGGRESSIVE;
				CLANG_CXX_LANGUAGE_STANDARD = "gnu++14";
				CLANG_CXX_LIBRARY = "libc++";
				CLANG_ENABLE_MODULES = YES;
				CLANG_ENABLE_OBJC_ARC = YES;
				CLANG_ENABLE_OBJC_WEAK = YES;
				CLANG_WARN_BLOCK_CAPTURE_AUTORELEASING = YES;
				CLANG_WARN_BOOL_CONVERSION = YES;
				CLANG_WARN_COMMA = YES;
				CLANG_WARN_CONSTANT_CONVERSION = YES;
				CLANG_WARN_DEPRECATED_OBJC_IMPLEMENTATIONS = YES;
				CLANG_WARN_DIRECT_OBJC_ISA_USAGE = YES_ERROR;
				CLANG_WARN_DOCUMENTATION_COMMENTS = YES;
				CLANG_WARN_EMPTY_BODY = YES;
				CLANG_WARN_ENUM_CONVERSION = YES;
				CLANG_WARN_INFINITE_RECURSION = YES;
				CLANG_WARN_INT_CONVERSION = YES;
				CLANG_WARN_NON_LITERAL_NULL_CONVERSION = YES;
				CLANG_WARN_OBJC_IMPLICIT_RETAIN_SELF = YES;
				CLANG_WARN_OBJC_LITERAL_CONVERSION = YES;
				CLANG_WARN_OBJC_ROOT_CLASS = YES_ERROR;
				CLANG_WARN_QUOTED_INCLUDE_IN_FRAMEWORK_HEADER = YES;
				CLANG_WARN_RANGE_LOOP_ANALYSIS = YES;
				CLANG_WARN_STRICT_PROTOTYPES = YES;
				CLANG_WARN_SUSPICIOUS_MOVE = YES;
				CLANG_WARN_UNGUARDED_AVAILABILITY = YES_AGGRESSIVE;
				CLANG_WARN_UNREACHABLE_CODE = YES;
				CLANG_WARN__DUPLICATE_METHOD_MATCH = YES;
				COPY_PHASE_STRIP = NO;
				DEBUG_INFORMATION_FORMAT = dwarf;
				ENABLE_STRICT_OBJC_MSGSEND = YES;
				ENABLE_TESTABILITY = YES;
				GCC_C_LANGUAGE_STANDARD = gnu11;
				GCC_DYNAMIC_NO_PIC = NO;
				GCC_NO_COMMON_BLOCKS = YES;
				GCC_OPTIMIZATION_LEVEL = 0;
				GCC_PREPROCESSOR_DEFINITIONS = (
					"DEBUG=1",
					"$(inherited)",
				);
				GCC_WARN_64_TO_32_BIT_CONVERSION = YES;
				GCC_WARN_ABOUT_RETURN_TYPE = YES_ERROR;
				GCC_WARN_UNDECLARED_SELECTOR = YES;
				GCC_WARN_UNINITIALIZED_AUTOS = YES_AGGRESSIVE;
				GCC_WARN_UNUSED_FUNCTION = YES;
				GCC_WARN_UNUSED_VARIABLE = YES;
				IPHONEOS_DEPLOYMENT_TARGET = 14.5;
				MTL_ENABLE_DEBUG_INFO = INCLUDE_SOURCE;
				MTL_FAST_MATH = YES;
				ONLY_ACTIVE_ARCH = YES;
				SDKROOT = iphoneos;
			};
			name = Debug;
		};
		A2E04C7226591C2D00DCB74C /* Release */ = {
			isa = XCBuildConfiguration;
			buildSettings = {
				ALWAYS_SEARCH_USER_PATHS = NO;
				CLANG_ANALYZER_NONNULL = YES;
				CLANG_ANALYZER_NUMBER_OBJECT_CONVERSION = YES_AGGRESSIVE;
				CLANG_CXX_LANGUAGE_STANDARD = "gnu++14";
				CLANG_CXX_LIBRARY = "libc++";
				CLANG_ENABLE_MODULES = YES;
				CLANG_ENABLE_OBJC_ARC = YES;
				CLANG_ENABLE_OBJC_WEAK = YES;
				CLANG_WARN_BLOCK_CAPTURE_AUTORELEASING = YES;
				CLANG_WARN_BOOL_CONVERSION = YES;
				CLANG_WARN_COMMA = YES;
				CLANG_WARN_CONSTANT_CONVERSION = YES;
				CLANG_WARN_DEPRECATED_OBJC_IMPLEMENTATIONS = YES;
				CLANG_WARN_DIRECT_OBJC_ISA_USAGE = YES_ERROR;
				CLANG_WARN_DOCUMENTATION_COMMENTS = YES;
				CLANG_WARN_EMPTY_BODY = YES;
				CLANG_WARN_ENUM_CONVERSION = YES;
				CLANG_WARN_INFINITE_RECURSION = YES;
				CLANG_WARN_INT_CONVERSION = YES;
				CLANG_WARN_NON_LITERAL_NULL_CONVERSION = YES;
				CLANG_WARN_OBJC_IMPLICIT_RETAIN_SELF = YES;
				CLANG_WARN_OBJC_LITERAL_CONVERSION = YES;
				CLANG_WARN_OBJC_ROOT_CLASS = YES_ERROR;
				CLANG_WARN_QUOTED_INCLUDE_IN_FRAMEWORK_HEADER = YES;
				CLANG_WARN_RANGE_LOOP_ANALYSIS = YES;
				CLANG_WARN_STRICT_PROTOTYPES = YES;
				CLANG_WARN_SUSPICIOUS_MOVE = YES;
				CLANG_WARN_UNGUARDED_AVAILABILITY = YES_AGGRESSIVE;
				CLANG_WARN_UNREACHABLE_CODE = YES;
				CLANG_WARN__DUPLICATE_METHOD_MATCH = YES;
				COPY_PHASE_STRIP = NO;
				DEBUG_INFORMATION_FORMAT = "dwarf-with-dsym";
				ENABLE_NS_ASSERTIONS = NO;
				ENABLE_STRICT_OBJC_MSGSEND = YES;
				GCC_C_LANGUAGE_STANDARD = gnu11;
				GCC_NO_COMMON_BLOCKS = YES;
				GCC_WARN_64_TO_32_BIT_CONVERSION = YES;
				GCC_WARN_ABOUT_RETURN_TYPE = YES_ERROR;
				GCC_WARN_UNDECLARED_SELECTOR = YES;
				GCC_WARN_UNINITIALIZED_AUTOS = YES_AGGRESSIVE;
				GCC_WARN_UNUSED_FUNCTION = YES;
				GCC_WARN_UNUSED_VARIABLE = YES;
				IPHONEOS_DEPLOYMENT_TARGET = 14.5;
				MTL_ENABLE_DEBUG_INFO = NO;
				MTL_FAST_MATH = YES;
				SDKROOT = iphoneos;
				VALIDATE_PRODUCT = YES;
			};
			name = Release;
		};
		A2E04C7426591C2D00DCB74C /* Debug */ = {
			isa = XCBuildConfiguration;
			buildSettings = {
				ASSETCATALOG_COMPILER_APPICON_NAME = AppIcon;
				ASSETCATALOG_COMPILER_GLOBAL_ACCENT_COLOR_NAME = AccentColor;
				CODE_SIGN_STYLE = Automatic;
				DEVELOPMENT_TEAM = W7LU6YZGVJ;
				INFOPLIST_FILE = lesson7/Info.plist;
				LD_RUNPATH_SEARCH_PATHS = (
					"$(inherited)",
					"@executable_path/Frameworks",
				);
				PRODUCT_BUNDLE_IDENTIFIER = pavel.zarutskov.lesson7;
				PRODUCT_NAME = "$(TARGET_NAME)";
				TARGETED_DEVICE_FAMILY = "1,2";
			};
			name = Debug;
		};
		A2E04C7526591C2D00DCB74C /* Release */ = {
			isa = XCBuildConfiguration;
			buildSettings = {
				ASSETCATALOG_COMPILER_APPICON_NAME = AppIcon;
				ASSETCATALOG_COMPILER_GLOBAL_ACCENT_COLOR_NAME = AccentColor;
				CODE_SIGN_STYLE = Automatic;
				DEVELOPMENT_TEAM = W7LU6YZGVJ;
				INFOPLIST_FILE = lesson7/Info.plist;
				LD_RUNPATH_SEARCH_PATHS = (
					"$(inherited)",
					"@executable_path/Frameworks",
				);
				PRODUCT_BUNDLE_IDENTIFIER = pavel.zarutskov.lesson7;
				PRODUCT_NAME = "$(TARGET_NAME)";
				TARGETED_DEVICE_FAMILY = "1,2";
			};
			name = Release;
		};
/* End XCBuildConfiguration section */

/* Begin XCConfigurationList section */
		A2E04C5526591C2A00DCB74C /* Build configuration list for PBXProject "lesson7" */ = {
			isa = XCConfigurationList;
			buildConfigurations = (
				A2E04C7126591C2D00DCB74C /* Debug */,
				A2E04C7226591C2D00DCB74C /* Release */,
			);
			defaultConfigurationIsVisible = 0;
			defaultConfigurationName = Release;
		};
		A2E04C7326591C2D00DCB74C /* Build configuration list for PBXNativeTarget "lesson7" */ = {
			isa = XCConfigurationList;
			buildConfigurations = (
				A2E04C7426591C2D00DCB74C /* Debug */,
				A2E04C7526591C2D00DCB74C /* Release */,
			);
			defaultConfigurationIsVisible = 0;
			defaultConfigurationName = Release;
		};
/* End XCConfigurationList section */
	};
	rootObject = A2E04C5226591C2A00DCB74C /* Project object */;
}
